// !$*UTF8*$!
{
	archiveVersion = 1;
	classes = {
	};
	objectVersion = 46;
	objects = {

/* Begin PBXBuildFile section */
		6DE05BCB1E8C7358004FEFF8 /* AppDelegate.swift in Sources */ = {isa = PBXBuildFile; fileRef = 6DE05BCA1E8C7358004FEFF8 /* AppDelegate.swift */; };
		6DE05BCD1E8C7358004FEFF8 /* ViewController.swift in Sources */ = {isa = PBXBuildFile; fileRef = 6DE05BCC1E8C7358004FEFF8 /* ViewController.swift */; };
		6DE05BD01E8C7358004FEFF8 /* Main.storyboard in Resources */ = {isa = PBXBuildFile; fileRef = 6DE05BCE1E8C7358004FEFF8 /* Main.storyboard */; };
		6DE05BD21E8C7358004FEFF8 /* Assets.xcassets in Resources */ = {isa = PBXBuildFile; fileRef = 6DE05BD11E8C7358004FEFF8 /* Assets.xcassets */; };
		6DE05BD51E8C7358004FEFF8 /* LaunchScreen.storyboard in Resources */ = {isa = PBXBuildFile; fileRef = 6DE05BD31E8C7358004FEFF8 /* LaunchScreen.storyboard */; };
		6DE05BE01E8C7358004FEFF8 /* Hello_iOSTests.swift in Sources */ = {isa = PBXBuildFile; fileRef = 6DE05BDF1E8C7358004FEFF8 /* Hello_iOSTests.swift */; };
		6DE05BEB1E8C7358004FEFF8 /* Hello_iOSUITests.swift in Sources */ = {isa = PBXBuildFile; fileRef = 6DE05BEA1E8C7358004FEFF8 /* Hello_iOSUITests.swift */; };
/* End PBXBuildFile section */

/* Begin PBXContainerItemProxy section */
		6DE05BDC1E8C7358004FEFF8 /* PBXContainerItemProxy */ = {
			isa = PBXContainerItemProxy;
			containerPortal = 6DE05BBF1E8C7358004FEFF8 /* Project object */;
			proxyType = 1;
			remoteGlobalIDString = 6DE05BC61E8C7358004FEFF8;
			remoteInfo = "Hello-iOS";
		};
		6DE05BE71E8C7358004FEFF8 /* PBXContainerItemProxy */ = {
			isa = PBXContainerItemProxy;
			containerPortal = 6DE05BBF1E8C7358004FEFF8 /* Project object */;
			proxyType = 1;
			remoteGlobalIDString = 6DE05BC61E8C7358004FEFF8;
			remoteInfo = "Hello-iOS";
		};
/* End PBXContainerItemProxy section */

/* Begin PBXFileReference section */
		6DE05BC71E8C7358004FEFF8 /* Hello-iOS.app */ = {isa = PBXFileReference; explicitFileType = wrapper.application; includeInIndex = 0; path = "Hello-iOS.app"; sourceTree = BUILT_PRODUCTS_DIR; };
		6DE05BCA1E8C7358004FEFF8 /* AppDelegate.swift */ = {isa = PBXFileReference; lastKnownFileType = sourcecode.swift; path = AppDelegate.swift; sourceTree = "<group>"; };
		6DE05BCC1E8C7358004FEFF8 /* ViewController.swift */ = {isa = PBXFileReference; lastKnownFileType = sourcecode.swift; path = ViewController.swift; sourceTree = "<group>"; };
		6DE05BCF1E8C7358004FEFF8 /* Base */ = {isa = PBXFileReference; lastKnownFileType = file.storyboard; name = Base; path = Base.lproj/Main.storyboard; sourceTree = "<group>"; };
		6DE05BD11E8C7358004FEFF8 /* Assets.xcassets */ = {isa = PBXFileReference; lastKnownFileType = folder.assetcatalog; path = Assets.xcassets; sourceTree = "<group>"; };
		6DE05BD41E8C7358004FEFF8 /* Base */ = {isa = PBXFileReference; lastKnownFileType = file.storyboard; name = Base; path = Base.lproj/LaunchScreen.storyboard; sourceTree = "<group>"; };
		6DE05BD61E8C7358004FEFF8 /* Info.plist */ = {isa = PBXFileReference; lastKnownFileType = text.plist.xml; path = Info.plist; sourceTree = "<group>"; };
		6DE05BDB1E8C7358004FEFF8 /* Hello-iOSTests.xctest */ = {isa = PBXFileReference; explicitFileType = wrapper.cfbundle; includeInIndex = 0; path = "Hello-iOSTests.xctest"; sourceTree = BUILT_PRODUCTS_DIR; };
		6DE05BDF1E8C7358004FEFF8 /* Hello_iOSTests.swift */ = {isa = PBXFileReference; lastKnownFileType = sourcecode.swift; path = Hello_iOSTests.swift; sourceTree = "<group>"; };
		6DE05BE11E8C7358004FEFF8 /* Info.plist */ = {isa = PBXFileReference; lastKnownFileType = text.plist.xml; path = Info.plist; sourceTree = "<group>"; };
		6DE05BE61E8C7358004FEFF8 /* Hello-iOSUITests.xctest */ = {isa = PBXFileReference; explicitFileType = wrapper.cfbundle; includeInIndex = 0; path = "Hello-iOSUITests.xctest"; sourceTree = BUILT_PRODUCTS_DIR; };
		6DE05BEA1E8C7358004FEFF8 /* Hello_iOSUITests.swift */ = {isa = PBXFileReference; lastKnownFileType = sourcecode.swift; path = Hello_iOSUITests.swift; sourceTree = "<group>"; };
		6DE05BEC1E8C7358004FEFF8 /* Info.plist */ = {isa = PBXFileReference; lastKnownFileType = text.plist.xml; path = Info.plist; sourceTree = "<group>"; };
/* End PBXFileReference section */

/* Begin PBXFrameworksBuildPhase section */
		6DE05BC41E8C7358004FEFF8 /* Frameworks */ = {
			isa = PBXFrameworksBuildPhase;
			buildActionMask = 2147483647;
			files = (
			);
			runOnlyForDeploymentPostprocessing = 0;
		};
		6DE05BD81E8C7358004FEFF8 /* Frameworks */ = {
			isa = PBXFrameworksBuildPhase;
			buildActionMask = 2147483647;
			files = (
			);
			runOnlyForDeploymentPostprocessing = 0;
		};
		6DE05BE31E8C7358004FEFF8 /* Frameworks */ = {
			isa = PBXFrameworksBuildPhase;
			buildActionMask = 2147483647;
			files = (
			);
			runOnlyForDeploymentPostprocessing = 0;
		};
/* End PBXFrameworksBuildPhase section */

/* Begin PBXGroup section */
		6DE05BBE1E8C7358004FEFF8 = {
			isa = PBXGroup;
			children = (
				6DE05BC91E8C7358004FEFF8 /* Hello-iOS */,
				6DE05BDE1E8C7358004FEFF8 /* Hello-iOSTests */,
				6DE05BE91E8C7358004FEFF8 /* Hello-iOSUITests */,
				6DE05BC81E8C7358004FEFF8 /* Products */,
			);
			sourceTree = "<group>";
		};
		6DE05BC81E8C7358004FEFF8 /* Products */ = {
			isa = PBXGroup;
			children = (
				6DE05BC71E8C7358004FEFF8 /* Hello-iOS.app */,
				6DE05BDB1E8C7358004FEFF8 /* Hello-iOSTests.xctest */,
				6DE05BE61E8C7358004FEFF8 /* Hello-iOSUITests.xctest */,
			);
			name = Products;
			sourceTree = "<group>";
		};
		6DE05BC91E8C7358004FEFF8 /* Hello-iOS */ = {
			isa = PBXGroup;
			children = (
				6DE05BCA1E8C7358004FEFF8 /* AppDelegate.swift */,
				6DE05BCC1E8C7358004FEFF8 /* ViewController.swift */,
				6DE05BCE1E8C7358004FEFF8 /* Main.storyboard */,
				6DE05BD11E8C7358004FEFF8 /* Assets.xcassets */,
				6DE05BD31E8C7358004FEFF8 /* LaunchScreen.storyboard */,
				6DE05BD61E8C7358004FEFF8 /* Info.plist */,
			);
			path = "Hello-iOS";
			sourceTree = "<group>";
		};
		6DE05BDE1E8C7358004FEFF8 /* Hello-iOSTests */ = {
			isa = PBXGroup;
			children = (
				6DE05BDF1E8C7358004FEFF8 /* Hello_iOSTests.swift */,
				6DE05BE11E8C7358004FEFF8 /* Info.plist */,
			);
			path = "Hello-iOSTests";
			sourceTree = "<group>";
		};
		6DE05BE91E8C7358004FEFF8 /* Hello-iOSUITests */ = {
			isa = PBXGroup;
			children = (
				6DE05BEA1E8C7358004FEFF8 /* Hello_iOSUITests.swift */,
				6DE05BEC1E8C7358004FEFF8 /* Info.plist */,
			);
			path = "Hello-iOSUITests";
			sourceTree = "<group>";
		};
/* End PBXGroup section */

/* Begin PBXNativeTarget section */
		6DE05BC61E8C7358004FEFF8 /* Hello-iOS */ = {
			isa = PBXNativeTarget;
			buildConfigurationList = 6DE05BEF1E8C7358004FEFF8 /* Build configuration list for PBXNativeTarget "Hello-iOS" */;
			buildPhases = (
				6DE05BC31E8C7358004FEFF8 /* Sources */,
				6DE05BC41E8C7358004FEFF8 /* Frameworks */,
				6DE05BC51E8C7358004FEFF8 /* Resources */,
			);
			buildRules = (
			);
			dependencies = (
			);
			name = "Hello-iOS";
			productName = "Hello-iOS";
			productReference = 6DE05BC71E8C7358004FEFF8 /* Hello-iOS.app */;
			productType = "com.apple.product-type.application";
		};
		6DE05BDA1E8C7358004FEFF8 /* Hello-iOSTests */ = {
			isa = PBXNativeTarget;
			buildConfigurationList = 6DE05BF21E8C7358004FEFF8 /* Build configuration list for PBXNativeTarget "Hello-iOSTests" */;
			buildPhases = (
				6DE05BD71E8C7358004FEFF8 /* Sources */,
				6DE05BD81E8C7358004FEFF8 /* Frameworks */,
				6DE05BD91E8C7358004FEFF8 /* Resources */,
			);
			buildRules = (
			);
			dependencies = (
				6DE05BDD1E8C7358004FEFF8 /* PBXTargetDependency */,
			);
			name = "Hello-iOSTests";
			productName = "Hello-iOSTests";
			productReference = 6DE05BDB1E8C7358004FEFF8 /* Hello-iOSTests.xctest */;
			productType = "com.apple.product-type.bundle.unit-test";
		};
		6DE05BE51E8C7358004FEFF8 /* Hello-iOSUITests */ = {
			isa = PBXNativeTarget;
			buildConfigurationList = 6DE05BF51E8C7358004FEFF8 /* Build configuration list for PBXNativeTarget "Hello-iOSUITests" */;
			buildPhases = (
				6DE05BE21E8C7358004FEFF8 /* Sources */,
				6DE05BE31E8C7358004FEFF8 /* Frameworks */,
				6DE05BE41E8C7358004FEFF8 /* Resources */,
			);
			buildRules = (
			);
			dependencies = (
				6DE05BE81E8C7358004FEFF8 /* PBXTargetDependency */,
			);
			name = "Hello-iOSUITests";
			productName = "Hello-iOSUITests";
			productReference = 6DE05BE61E8C7358004FEFF8 /* Hello-iOSUITests.xctest */;
			productType = "com.apple.product-type.bundle.ui-testing";
		};
/* End PBXNativeTarget section */

/* Begin PBXProject section */
		6DE05BBF1E8C7358004FEFF8 /* Project object */ = {
			isa = PBXProject;
			attributes = {
				LastSwiftUpdateCheck = 0830;
				LastUpgradeCheck = 0830;
				ORGANIZATIONNAME = "Sabrina Niklaus";
				TargetAttributes = {
					6DE05BC61E8C7358004FEFF8 = {
						CreatedOnToolsVersion = 8.3;
						ProvisioningStyle = Automatic;
					};
					6DE05BDA1E8C7358004FEFF8 = {
						CreatedOnToolsVersion = 8.3;
						ProvisioningStyle = Automatic;
						TestTargetID = 6DE05BC61E8C7358004FEFF8;
					};
					6DE05BE51E8C7358004FEFF8 = {
						CreatedOnToolsVersion = 8.3;
						ProvisioningStyle = Automatic;
						TestTargetID = 6DE05BC61E8C7358004FEFF8;
					};
				};
			};
			buildConfigurationList = 6DE05BC21E8C7358004FEFF8 /* Build configuration list for PBXProject "Hello-iOS" */;
			compatibilityVersion = "Xcode 3.2";
			developmentRegion = English;
			hasScannedForEncodings = 0;
			knownRegions = (
				en,
				Base,
			);
			mainGroup = 6DE05BBE1E8C7358004FEFF8;
			productRefGroup = 6DE05BC81E8C7358004FEFF8 /* Products */;
			projectDirPath = "";
			projectRoot = "";
			targets = (
				6DE05BC61E8C7358004FEFF8 /* Hello-iOS */,
				6DE05BDA1E8C7358004FEFF8 /* Hello-iOSTests */,
				6DE05BE51E8C7358004FEFF8 /* Hello-iOSUITests */,
			);
		};
/* End PBXProject section */

/* Begin PBXResourcesBuildPhase section */
		6DE05BC51E8C7358004FEFF8 /* Resources */ = {
			isa = PBXResourcesBuildPhase;
			buildActionMask = 2147483647;
			files = (
				6DE05BD51E8C7358004FEFF8 /* LaunchScreen.storyboard in Resources */,
				6DE05BD21E8C7358004FEFF8 /* Assets.xcassets in Resources */,
				6DE05BD01E8C7358004FEFF8 /* Main.storyboard in Resources */,
			);
			runOnlyForDeploymentPostprocessing = 0;
		};
		6DE05BD91E8C7358004FEFF8 /* Resources */ = {
			isa = PBXResourcesBuildPhase;
			buildActionMask = 2147483647;
			files = (
			);
			runOnlyForDeploymentPostprocessing = 0;
		};
		6DE05BE41E8C7358004FEFF8 /* Resources */ = {
			isa = PBXResourcesBuildPhase;
			buildActionMask = 2147483647;
			files = (
			);
			runOnlyForDeploymentPostprocessing = 0;
		};
/* End PBXResourcesBuildPhase section */

/* Begin PBXSourcesBuildPhase section */
		6DE05BC31E8C7358004FEFF8 /* Sources */ = {
			isa = PBXSourcesBuildPhase;
			buildActionMask = 2147483647;
			files = (
				6DE05BCD1E8C7358004FEFF8 /* ViewController.swift in Sources */,
				6DE05BCB1E8C7358004FEFF8 /* AppDelegate.swift in Sources */,
			);
			runOnlyForDeploymentPostprocessing = 0;
		};
		6DE05BD71E8C7358004FEFF8 /* Sources */ = {
			isa = PBXSourcesBuildPhase;
			buildActionMask = 2147483647;
			files = (
				6DE05BE01E8C7358004FEFF8 /* Hello_iOSTests.swift in Sources */,
			);
			runOnlyForDeploymentPostprocessing = 0;
		};
		6DE05BE21E8C7358004FEFF8 /* Sources */ = {
			isa = PBXSourcesBuildPhase;
			buildActionMask = 2147483647;
			files = (
				6DE05BEB1E8C7358004FEFF8 /* Hello_iOSUITests.swift in Sources */,
			);
			runOnlyForDeploymentPostprocessing = 0;
		};
/* End PBXSourcesBuildPhase section */

/* Begin PBXTargetDependency section */
		6DE05BDD1E8C7358004FEFF8 /* PBXTargetDependency */ = {
			isa = PBXTargetDependency;
			target = 6DE05BC61E8C7358004FEFF8 /* Hello-iOS */;
			targetProxy = 6DE05BDC1E8C7358004FEFF8 /* PBXContainerItemProxy */;
		};
		6DE05BE81E8C7358004FEFF8 /* PBXTargetDependency */ = {
			isa = PBXTargetDependency;
			target = 6DE05BC61E8C7358004FEFF8 /* Hello-iOS */;
			targetProxy = 6DE05BE71E8C7358004FEFF8 /* PBXContainerItemProxy */;
		};
/* End PBXTargetDependency section */

/* Begin PBXVariantGroup section */
		6DE05BCE1E8C7358004FEFF8 /* Main.storyboard */ = {
			isa = PBXVariantGroup;
			children = (
				6DE05BCF1E8C7358004FEFF8 /* Base */,
			);
			name = Main.storyboard;
			sourceTree = "<group>";
		};
		6DE05BD31E8C7358004FEFF8 /* LaunchScreen.storyboard */ = {
			isa = PBXVariantGroup;
			children = (
				6DE05BD41E8C7358004FEFF8 /* Base */,
			);
			name = LaunchScreen.storyboard;
			sourceTree = "<group>";
		};
/* End PBXVariantGroup section */

/* Begin XCBuildConfiguration section */
		6DE05BED1E8C7358004FEFF8 /* Debug */ = {
			isa = XCBuildConfiguration;
			buildSettings = {
				ALWAYS_SEARCH_USER_PATHS = NO;
				CLANG_ANALYZER_NONNULL = YES;
				CLANG_ANALYZER_NUMBER_OBJECT_CONVERSION = YES_AGGRESSIVE;
				CLANG_CXX_LANGUAGE_STANDARD = "gnu++0x";
				CLANG_CXX_LIBRARY = "libc++";
				CLANG_ENABLE_MODULES = YES;
				CLANG_ENABLE_OBJC_ARC = YES;
				CLANG_WARN_BOOL_CONVERSION = YES;
				CLANG_WARN_CONSTANT_CONVERSION = YES;
				CLANG_WARN_DIRECT_OBJC_ISA_USAGE = YES_ERROR;
				CLANG_WARN_DOCUMENTATION_COMMENTS = YES;
				CLANG_WARN_EMPTY_BODY = YES;
				CLANG_WARN_ENUM_CONVERSION = YES;
				CLANG_WARN_INFINITE_RECURSION = YES;
				CLANG_WARN_INT_CONVERSION = YES;
				CLANG_WARN_OBJC_ROOT_CLASS = YES_ERROR;
				CLANG_WARN_SUSPICIOUS_MOVE = YES;
				CLANG_WARN_UNREACHABLE_CODE = YES;
				CLANG_WARN__DUPLICATE_METHOD_MATCH = YES;
				"CODE_SIGN_IDENTITY[sdk=iphoneos*]" = "iPhone Developer";
				COPY_PHASE_STRIP = NO;
				DEBUG_INFORMATION_FORMAT = dwarf;
				ENABLE_STRICT_OBJC_MSGSEND = YES;
				ENABLE_TESTABILITY = YES;
				GCC_C_LANGUAGE_STANDARD = gnu99;
				GCC_DYNAMIC_NO_PIC = NO;
				GCC_NO_COMMON_BLOCKS = YES;
				GCC_OPTIMIZATION_LEVEL = 0;
				GCC_PREPROCESSOR_DEFINITIONS = (
					"DEBUG=1",
					"$(inherited)",
				);
				GCC_WARN_64_TO_32_BIT_CONVERSION = YES;
				GCC_WARN_ABOUT_RETURN_TYPE = YES_ERROR;
				GCC_WARN_UNDECLARED_SELECTOR = YES;
				GCC_WARN_UNINITIALIZED_AUTOS = YES_AGGRESSIVE;
				GCC_WARN_UNUSED_FUNCTION = YES;
				GCC_WARN_UNUSED_VARIABLE = YES;
				IPHONEOS_DEPLOYMENT_TARGET = 10.0;
				MTL_ENABLE_DEBUG_INFO = YES;
				ONLY_ACTIVE_ARCH = YES;
				SDKROOT = iphoneos;
				SWIFT_ACTIVE_COMPILATION_CONDITIONS = DEBUG;
				SWIFT_OPTIMIZATION_LEVEL = "-Onone";
				TARGETED_DEVICE_FAMILY = "1,2";
			};
			name = Debug;
		};
		6DE05BEE1E8C7358004FEFF8 /* Release */ = {
			isa = XCBuildConfiguration;
			buildSettings = {
				ALWAYS_SEARCH_USER_PATHS = NO;
				CLANG_ANALYZER_NONNULL = YES;
				CLANG_ANALYZER_NUMBER_OBJECT_CONVERSION = YES_AGGRESSIVE;
				CLANG_CXX_LANGUAGE_STANDARD = "gnu++0x";
				CLANG_CXX_LIBRARY = "libc++";
				CLANG_ENABLE_MODULES = YES;
				CLANG_ENABLE_OBJC_ARC = YES;
				CLANG_WARN_BOOL_CONVERSION = YES;
				CLANG_WARN_CONSTANT_CONVERSION = YES;
				CLANG_WARN_DIRECT_OBJC_ISA_USAGE = YES_ERROR;
				CLANG_WARN_DOCUMENTATION_COMMENTS = YES;
				CLANG_WARN_EMPTY_BODY = YES;
				CLANG_WARN_ENUM_CONVERSION = YES;
				CLANG_WARN_INFINITE_RECURSION = YES;
				CLANG_WARN_INT_CONVERSION = YES;
				CLANG_WARN_OBJC_ROOT_CLASS = YES_ERROR;
				CLANG_WARN_SUSPICIOUS_MOVE = YES;
				CLANG_WARN_UNREACHABLE_CODE = YES;
				CLANG_WARN__DUPLICATE_METHOD_MATCH = YES;
				"CODE_SIGN_IDENTITY[sdk=iphoneos*]" = "iPhone Developer";
				COPY_PHASE_STRIP = NO;
				DEBUG_INFORMATION_FORMAT = "dwarf-with-dsym";
				ENABLE_NS_ASSERTIONS = NO;
				ENABLE_STRICT_OBJC_MSGSEND = YES;
				GCC_C_LANGUAGE_STANDARD = gnu99;
				GCC_NO_COMMON_BLOCKS = YES;
				GCC_WARN_64_TO_32_BIT_CONVERSION = YES;
				GCC_WARN_ABOUT_RETURN_TYPE = YES_ERROR;
				GCC_WARN_UNDECLARED_SELECTOR = YES;
				GCC_WARN_UNINITIALIZED_AUTOS = YES_AGGRESSIVE;
				GCC_WARN_UNUSED_FUNCTION = YES;
				GCC_WARN_UNUSED_VARIABLE = YES;
				IPHONEOS_DEPLOYMENT_TARGET = 10.0;
				MTL_ENABLE_DEBUG_INFO = NO;
				SDKROOT = iphoneos;
				SWIFT_OPTIMIZATION_LEVEL = "-Owholemodule";
				TARGETED_DEVICE_FAMILY = "1,2";
				VALIDATE_PRODUCT = YES;
			};
			name = Release;
		};
		6DE05BF01E8C7358004FEFF8 /* Debug */ = {
			isa = XCBuildConfiguration;
			buildSettings = {
				ASSETCATALOG_COMPILER_APPICON_NAME = AppIcon;
				INFOPLIST_FILE = "Hello-iOS/Info.plist";
				LD_RUNPATH_SEARCH_PATHS = "$(inherited) @executable_path/Frameworks";
				PRODUCT_BUNDLE_IDENTIFIER = "com.sabrinaniklaus.Hello-iOS";
				PRODUCT_NAME = "$(TARGET_NAME)";
				SWIFT_VERSION = 3.0;
			};
			name = Debug;
		};
		6DE05BF11E8C7358004FEFF8 /* Release */ = {
			isa = XCBuildConfiguration;
			buildSettings = {
				ASSETCATALOG_COMPILER_APPICON_NAME = AppIcon;
				INFOPLIST_FILE = "Hello-iOS/Info.plist";
				LD_RUNPATH_SEARCH_PATHS = "$(inherited) @executable_path/Frameworks";
				PRODUCT_BUNDLE_IDENTIFIER = "com.sabrinaniklaus.Hello-iOS";
				PRODUCT_NAME = "$(TARGET_NAME)";
				SWIFT_VERSION = 3.0;
			};
			name = Release;
		};
		6DE05BF31E8C7358004FEFF8 /* Debug */ = {
			isa = XCBuildConfiguration;
			buildSettings = {
				ALWAYS_EMBED_SWIFT_STANDARD_LIBRARIES = YES;
				BUNDLE_LOADER = "$(TEST_HOST)";
				INFOPLIST_FILE = "Hello-iOSTests/Info.plist";
				LD_RUNPATH_SEARCH_PATHS = "$(inherited) @executable_path/Frameworks @loader_path/Frameworks";
				PRODUCT_BUNDLE_IDENTIFIER = "com.sabrinaniklaus.Hello-iOSTests";
				PRODUCT_NAME = "$(TARGET_NAME)";
				SWIFT_VERSION = 3.0;
				TEST_HOST = "$(BUILT_PRODUCTS_DIR)/Hello-iOS.app/Hello-iOS";
			};
			name = Debug;
		};
		6DE05BF41E8C7358004FEFF8 /* Release */ = {
			isa = XCBuildConfiguration;
			buildSettings = {
				ALWAYS_EMBED_SWIFT_STANDARD_LIBRARIES = YES;
				BUNDLE_LOADER = "$(TEST_HOST)";
				INFOPLIST_FILE = "Hello-iOSTests/Info.plist";
				LD_RUNPATH_SEARCH_PATHS = "$(inherited) @executable_path/Frameworks @loader_path/Frameworks";
				PRODUCT_BUNDLE_IDENTIFIER = "com.sabrinaniklaus.Hello-iOSTests";
				PRODUCT_NAME = "$(TARGET_NAME)";
				SWIFT_VERSION = 3.0;
				TEST_HOST = "$(BUILT_PRODUCTS_DIR)/Hello-iOS.app/Hello-iOS";
			};
			name = Release;
		};
		6DE05BF61E8C7358004FEFF8 /* Debug */ = {
			isa = XCBuildConfiguration;
			buildSettings = {
				ALWAYS_EMBED_SWIFT_STANDARD_LIBRARIES = YES;
				INFOPLIST_FILE = "Hello-iOSUITests/Info.plist";
				LD_RUNPATH_SEARCH_PATHS = "$(inherited) @executable_path/Frameworks @loader_path/Frameworks";
				PRODUCT_BUNDLE_IDENTIFIER = "com.sabrinaniklaus.Hello-iOSUITests";
				PRODUCT_NAME = "$(TARGET_NAME)";
				SWIFT_VERSION = 3.0;
				TEST_TARGET_NAME = "Hello-iOS";
			};
			name = Debug;
		};
		6DE05BF71E8C7358004FEFF8 /* Release */ = {
			isa = XCBuildConfiguration;
			buildSettings = {
				ALWAYS_EMBED_SWIFT_STANDARD_LIBRARIES = YES;
				INFOPLIST_FILE = "Hello-iOSUITests/Info.plist";
				LD_RUNPATH_SEARCH_PATHS = "$(inherited) @executable_path/Frameworks @loader_path/Frameworks";
				PRODUCT_BUNDLE_IDENTIFIER = "com.sabrinaniklaus.Hello-iOSUITests";
				PRODUCT_NAME = "$(TARGET_NAME)";
				SWIFT_VERSION = 3.0;
				TEST_TARGET_NAME = "Hello-iOS";
			};
			name = Release;
		};
/* End XCBuildConfiguration section */

/* Begin XCConfigurationList section */
		6DE05BC21E8C7358004FEFF8 /* Build configuration list for PBXProject "Hello-iOS" */ = {
			isa = XCConfigurationList;
			buildConfigurations = (
				6DE05BED1E8C7358004FEFF8 /* Debug */,
				6DE05BEE1E8C7358004FEFF8 /* Release */,
			);
			defaultConfigurationIsVisible = 0;
			defaultConfigurationName = Release;
		};
		6DE05BEF1E8C7358004FEFF8 /* Build configuration list for PBXNativeTarget "Hello-iOS" */ = {
			isa = XCConfigurationList;
			buildConfigurations = (
				6DE05BF01E8C7358004FEFF8 /* Debug */,
				6DE05BF11E8C7358004FEFF8 /* Release */,
			);
			defaultConfigurationIsVisible = 0;
			defaultConfigurationName = Release;
		};
		6DE05BF21E8C7358004FEFF8 /* Build configuration list for PBXNativeTarget "Hello-iOSTests" */ = {
			isa = XCConfigurationList;
			buildConfigurations = (
				6DE05BF31E8C7358004FEFF8 /* Debug */,
				6DE05BF41E8C7358004FEFF8 /* Release */,
			);
			defaultConfigurationIsVisible = 0;
			defaultConfigurationName = Release;
		};
		6DE05BF51E8C7358004FEFF8 /* Build configuration list for PBXNativeTarget "Hello-iOSUITests" */ = {
			isa = XCConfigurationList;
			buildConfigurations = (
				6DE05BF61E8C7358004FEFF8 /* Debug */,
				6DE05BF71E8C7358004FEFF8 /* Release */,
			);
			defaultConfigurationIsVisible = 0;
			defaultConfigurationName = Release;
		};
/* End XCConfigurationList section */
	};
	rootObject = 6DE05BBF1E8C7358004FEFF8 /* Project object */;
}
